
Microsoft Visual Studio Solution File, Format Version 12.00
# Visual Studio Version 17
VisualStudioVersion = 17.0.31903.59
MinimumVisualStudioVersion = 10.0.40219.1
Project("{2150E333-8FDC-42A3-9474-1A3956D46DE8}") = "src", "src", "{827E0CD3-B72D-47B6-A68D-7590B98EB39B}"
EndProject
Project("{FAE04EC0-301F-11D3-BF4B-00C04F79EFBC}") = "NetAPI.Domain", "src\NetAPI.Domain\NetAPI.Domain.csproj", "{DFC88849-2AD2-4091-9E68-83075A7FE749}"
EndProject
Project("{FAE04EC0-301F-11D3-BF4B-00C04F79EFBC}") = "NetAPI.Application", "src\NetAPI.Application\NetAPI.Application.csproj", "{D3348F74-1A33-4A0E-A664-BF6B7B11BEE1}"
EndProject
Project("{FAE04EC0-301F-11D3-BF4B-00C04F79EFBC}") = "NetAPI.Infrastructure", "src\NetAPI.Infrastructure\NetAPI.Infrastructure.csproj", "{C7C3E94C-D44F-4757-A31D-8E89EA8E1E0A}"
EndProject
Project("{FAE04EC0-301F-11D3-BF4B-00C04F79EFBC}") = "NetAPI.Api", "src\NetAPI.Api\NetAPI.Api.csproj", "{0AD4F924-919C-46E7-8CE2-1AF0C8D519E3}"
EndProject
Project("{2150E333-8FDC-42A3-9474-1A3956D46DE8}") = "tests", "tests", "{0AB3BF05-4346-4AA6-1389-037BE0695223}"
EndProject
Project("{FAE04EC0-301F-11D3-BF4B-00C04F79EFBC}") = "NetAPI.UnitTests", "tests\NetAPI.UnitTests\NetAPI.UnitTests.csproj", "{C8D3BF1D-EB44-49D7-86D5-6EE6B70C32CD}"
EndProject
Project("{FAE04EC0-301F-11D3-BF4B-00C04F79EFBC}") = "NetAPI.IntegrationTests", "tests\NetAPI.IntegrationTests\NetAPI.IntegrationTests.csproj", "{878B3792-C77C-4A9D-B68D-4BA0B30EF9B2}"
EndProject
Global
	GlobalSection(SolutionConfigurationPlatforms) = preSolution
		Debug|Any CPU = Debug|Any CPU
		Debug|x64 = Debug|x64
		Debug|x86 = Debug|x86
		Release|Any CPU = Release|Any CPU
		Release|x64 = Release|x64
		Release|x86 = Release|x86
	EndGlobalSection
	GlobalSection(ProjectConfigurationPlatforms) = postSolution
		{DFC88849-2AD2-4091-9E68-83075A7FE749}.Debug|Any CPU.ActiveCfg = Debug|Any CPU
		{DFC88849-2AD2-4091-9E68-83075A7FE749}.Debug|Any CPU.Build.0 = Debug|Any CPU
		{DFC88849-2AD2-4091-9E68-83075A7FE749}.Debug|x64.ActiveCfg = Debug|Any CPU
		{DFC88849-2AD2-4091-9E68-83075A7FE749}.Debug|x64.Build.0 = Debug|Any CPU
		{DFC88849-2AD2-4091-9E68-83075A7FE749}.Debug|x86.ActiveCfg = Debug|Any CPU
		{DFC88849-2AD2-4091-9E68-83075A7FE749}.Debug|x86.Build.0 = Debug|Any CPU
		{DFC88849-2AD2-4091-9E68-83075A7FE749}.Release|Any CPU.ActiveCfg = Release|Any CPU
		{DFC88849-2AD2-4091-9E68-83075A7FE749}.Release|Any CPU.Build.0 = Release|Any CPU
		{DFC88849-2AD2-4091-9E68-83075A7FE749}.Release|x64.ActiveCfg = Release|Any CPU
		{DFC88849-2AD2-4091-9E68-83075A7FE749}.Release|x64.Build.0 = Release|Any CPU
		{DFC88849-2AD2-4091-9E68-83075A7FE749}.Release|x86.ActiveCfg = Release|Any CPU
		{DFC88849-2AD2-4091-9E68-83075A7FE749}.Release|x86.Build.0 = Release|Any CPU
		{D3348F74-1A33-4A0E-A664-BF6B7B11BEE1}.Debug|Any CPU.ActiveCfg = Debug|Any CPU
		{D3348F74-1A33-4A0E-A664-BF6B7B11BEE1}.Debug|Any CPU.Build.0 = Debug|Any CPU
		{D3348F74-1A33-4A0E-A664-BF6B7B11BEE1}.Debug|x64.ActiveCfg = Debug|Any CPU
		{D3348F74-1A33-4A0E-A664-BF6B7B11BEE1}.Debug|x64.Build.0 = Debug|Any CPU
		{D3348F74-1A33-4A0E-A664-BF6B7B11BEE1}.Debug|x86.ActiveCfg = Debug|Any CPU
		{D3348F74-1A33-4A0E-A664-BF6B7B11BEE1}.Debug|x86.Build.0 = Debug|Any CPU
		{D3348F74-1A33-4A0E-A664-BF6B7B11BEE1}.Release|Any CPU.ActiveCfg = Release|Any CPU
		{D3348F74-1A33-4A0E-A664-BF6B7B11BEE1}.Release|Any CPU.Build.0 = Release|Any CPU
		{D3348F74-1A33-4A0E-A664-BF6B7B11BEE1}.Release|x64.ActiveCfg = Release|Any CPU
		{D3348F74-1A33-4A0E-A664-BF6B7B11BEE1}.Release|x64.Build.0 = Release|Any CPU
		{D3348F74-1A33-4A0E-A664-BF6B7B11BEE1}.Release|x86.ActiveCfg = Release|Any CPU
		{D3348F74-1A33-4A0E-A664-BF6B7B11BEE1}.Release|x86.Build.0 = Release|Any CPU
		{C7C3E94C-D44F-4757-A31D-8E89EA8E1E0A}.Debug|Any CPU.ActiveCfg = Debug|Any CPU
		{C7C3E94C-D44F-4757-A31D-8E89EA8E1E0A}.Debug|Any CPU.Build.0 = Debug|Any CPU
		{C7C3E94C-D44F-4757-A31D-8E89EA8E1E0A}.Debug|x64.ActiveCfg = Debug|Any CPU
		{C7C3E94C-D44F-4757-A31D-8E89EA8E1E0A}.Debug|x64.Build.0 = Debug|Any CPU
		{C7C3E94C-D44F-4757-A31D-8E89EA8E1E0A}.Debug|x86.ActiveCfg = Debug|Any CPU
		{C7C3E94C-D44F-4757-A31D-8E89EA8E1E0A}.Debug|x86.Build.0 = Debug|Any CPU
		{C7C3E94C-D44F-4757-A31D-8E89EA8E1E0A}.Release|Any CPU.ActiveCfg = Release|Any CPU
		{C7C3E94C-D44F-4757-A31D-8E89EA8E1E0A}.Release|Any CPU.Build.0 = Release|Any CPU
		{C7C3E94C-D44F-4757-A31D-8E89EA8E1E0A}.Release|x64.ActiveCfg = Release|Any CPU
		{C7C3E94C-D44F-4757-A31D-8E89EA8E1E0A}.Release|x64.Build.0 = Release|Any CPU
		{C7C3E94C-D44F-4757-A31D-8E89EA8E1E0A}.Release|x86.ActiveCfg = Release|Any CPU
		{C7C3E94C-D44F-4757-A31D-8E89EA8E1E0A}.Release|x86.Build.0 = Release|Any CPU
		{0AD4F924-919C-46E7-8CE2-1AF0C8D519E3}.Debug|Any CPU.ActiveCfg = Debug|Any CPU
		{0AD4F924-919C-46E7-8CE2-1AF0C8D519E3}.Debug|Any CPU.Build.0 = Debug|Any CPU
		{0AD4F924-919C-46E7-8CE2-1AF0C8D519E3}.Debug|x64.ActiveCfg = Debug|Any CPU
		{0AD4F924-919C-46E7-8CE2-1AF0C8D519E3}.Debug|x64.Build.0 = Debug|Any CPU
		{0AD4F924-919C-46E7-8CE2-1AF0C8D519E3}.Debug|x86.ActiveCfg = Debug|Any CPU
		{0AD4F924-919C-46E7-8CE2-1AF0C8D519E3}.Debug|x86.Build.0 = Debug|Any CPU
		{0AD4F924-919C-46E7-8CE2-1AF0C8D519E3}.Release|Any CPU.ActiveCfg = Release|Any CPU
		{0AD4F924-919C-46E7-8CE2-1AF0C8D519E3}.Release|Any CPU.Build.0 = Release|Any CPU
		{0AD4F924-919C-46E7-8CE2-1AF0C8D519E3}.Release|x64.ActiveCfg = Release|Any CPU
		{0AD4F924-919C-46E7-8CE2-1AF0C8D519E3}.Release|x64.Build.0 = Release|Any CPU
		{0AD4F924-919C-46E7-8CE2-1AF0C8D519E3}.Release|x86.ActiveCfg = Release|Any CPU
		{0AD4F924-919C-46E7-8CE2-1AF0C8D519E3}.Release|x86.Build.0 = Release|Any CPU
		{C8D3BF1D-EB44-49D7-86D5-6EE6B70C32CD}.Debug|Any CPU.ActiveCfg = Debug|Any CPU
		{C8D3BF1D-EB44-49D7-86D5-6EE6B70C32CD}.Debug|Any CPU.Build.0 = Debug|Any CPU
		{C8D3BF1D-EB44-49D7-86D5-6EE6B70C32CD}.Debug|x64.ActiveCfg = Debug|Any CPU
		{C8D3BF1D-EB44-49D7-86D5-6EE6B70C32CD}.Debug|x64.Build.0 = Debug|Any CPU
		{C8D3BF1D-EB44-49D7-86D5-6EE6B70C32CD}.Debug|x86.ActiveCfg = Debug|Any CPU
		{C8D3BF1D-EB44-49D7-86D5-6EE6B70C32CD}.Debug|x86.Build.0 = Debug|Any CPU
		{C8D3BF1D-EB44-49D7-86D5-6EE6B70C32CD}.Release|Any CPU.ActiveCfg = Release|Any CPU
		{C8D3BF1D-EB44-49D7-86D5-6EE6B70C32CD}.Release|Any CPU.Build.0 = Release|Any CPU
		{C8D3BF1D-EB44-49D7-86D5-6EE6B70C32CD}.Release|x64.ActiveCfg = Release|Any CPU
		{C8D3BF1D-EB44-49D7-86D5-6EE6B70C32CD}.Release|x64.Build.0 = Release|Any CPU
		{C8D3BF1D-EB44-49D7-86D5-6EE6B70C32CD}.Release|x86.ActiveCfg = Release|Any CPU
		{C8D3BF1D-EB44-49D7-86D5-6EE6B70C32CD}.Release|x86.Build.0 = Release|Any CPU
		{878B3792-C77C-4A9D-B68D-4BA0B30EF9B2}.Debug|Any CPU.ActiveCfg = Debug|Any CPU
		{878B3792-C77C-4A9D-B68D-4BA0B30EF9B2}.Debug|Any CPU.Build.0 = Debug|Any CPU
		{878B3792-C77C-4A9D-B68D-4BA0B30EF9B2}.Debug|x64.ActiveCfg = Debug|Any CPU
		{878B3792-C77C-4A9D-B68D-4BA0B30EF9B2}.Debug|x64.Build.0 = Debug|Any CPU
		{878B3792-C77C-4A9D-B68D-4BA0B30EF9B2}.Debug|x86.ActiveCfg = Debug|Any CPU
		{878B3792-C77C-4A9D-B68D-4BA0B30EF9B2}.Debug|x86.Build.0 = Debug|Any CPU
		{878B3792-C77C-4A9D-B68D-4BA0B30EF9B2}.Release|Any CPU.ActiveCfg = Release|Any CPU
		{878B3792-C77C-4A9D-B68D-4BA0B30EF9B2}.Release|Any CPU.Build.0 = Release|Any CPU
		{878B3792-C77C-4A9D-B68D-4BA0B30EF9B2}.Release|x64.ActiveCfg = Release|Any CPU
		{878B3792-C77C-4A9D-B68D-4BA0B30EF9B2}.Release|x64.Build.0 = Release|Any CPU
		{878B3792-C77C-4A9D-B68D-4BA0B30EF9B2}.Release|x86.ActiveCfg = Release|Any CPU
		{878B3792-C77C-4A9D-B68D-4BA0B30EF9B2}.Release|x86.Build.0 = Release|Any CPU
	EndGlobalSection
	GlobalSection(SolutionProperties) = preSolution
		HideSolutionNode = FALSE
	EndGlobalSection
	GlobalSection(NestedProjects) = preSolution
		{DFC88849-2AD2-4091-9E68-83075A7FE749} = {827E0CD3-B72D-47B6-A68D-7590B98EB39B}
		{D3348F74-1A33-4A0E-A664-BF6B7B11BEE1} = {827E0CD3-B72D-47B6-A68D-7590B98EB39B}
		{C7C3E94C-D44F-4757-A31D-8E89EA8E1E0A} = {827E0CD3-B72D-47B6-A68D-7590B98EB39B}
		{0AD4F924-919C-46E7-8CE2-1AF0C8D519E3} = {827E0CD3-B72D-47B6-A68D-7590B98EB39B}
		{C8D3BF1D-EB44-49D7-86D5-6EE6B70C32CD} = {0AB3BF05-4346-4AA6-1389-037BE0695223}
		{878B3792-C77C-4A9D-B68D-4BA0B30EF9B2} = {0AB3BF05-4346-4AA6-1389-037BE0695223}
	EndGlobalSection
EndGlobal
